Microsoft Visual Studio Solution File, Format Version 12.00
# Visual Studio 2012
Project("{FAE04EC0-301F-11D3-BF4B-00C04F79EFBC}") = "Teste", "Teste.csproj", "{BBCC3994-33BB-4236-A5B7-DD6F3E60127F}"
EndProject
Global
	GlobalSection(SolutionConfigurationPlatforms) = preSolution
	Debug|Any CPU = Debug|Any CPU
	ExportDebug|Any CPU = ExportDebug|Any CPU
	ExportRelease|Any CPU = ExportRelease|Any CPU
	EndGlobalSection
	GlobalSection(ProjectConfigurationPlatforms) = postSolution
		{BBCC3994-33BB-4236-A5B7-DD6F3E60127F}.Debug|Any CPU.ActiveCfg = Debug|Any CPU
		{BBCC3994-33BB-4236-A5B7-DD6F3E60127F}.Debug|Any CPU.Build.0 = Debug|Any CPU
		{BBCC3994-33BB-4236-A5B7-DD6F3E60127F}.ExportDebug|Any CPU.ActiveCfg = ExportDebug|Any CPU
		{BBCC3994-33BB-4236-A5B7-DD6F3E60127F}.ExportDebug|Any CPU.Build.0 = ExportDebug|Any CPU
		{BBCC3994-33BB-4236-A5B7-DD6F3E60127F}.ExportRelease|Any CPU.ActiveCfg = ExportRelease|Any CPU
		{BBCC3994-33BB-4236-A5B7-DD6F3E60127F}.ExportRelease|Any CPU.Build.0 = ExportRelease|Any CPU
	EndGlobalSection
EndGlobal
